// !$*UTF8*$!
{
	archiveVersion = 1;
	classes = {
	};
	objectVersion = 46;
	objects = {

/* Begin PBXBuildFile section */
		B52470F01B7DA23E00164A9B /* AppDelegate.swift in Sources */ = {isa = PBXBuildFile; fileRef = B52470EF1B7DA23E00164A9B /* AppDelegate.swift */; };
		B52470F21B7DA23E00164A9B /* ViewController.swift in Sources */ = {isa = PBXBuildFile; fileRef = B52470F11B7DA23E00164A9B /* ViewController.swift */; };
		B52470F51B7DA23E00164A9B /* Main.storyboard in Resources */ = {isa = PBXBuildFile; fileRef = B52470F31B7DA23E00164A9B /* Main.storyboard */; };
		B52470F71B7DA23E00164A9B /* Assets.xcassets in Resources */ = {isa = PBXBuildFile; fileRef = B52470F61B7DA23E00164A9B /* Assets.xcassets */; };
		B52470FA1B7DA23E00164A9B /* LaunchScreen.storyboard in Resources */ = {isa = PBXBuildFile; fileRef = B52470F81B7DA23E00164A9B /* LaunchScreen.storyboard */; };
		B52471051B7DA23E00164A9B /* FoodTrackerTests.swift in Sources */ = {isa = PBXBuildFile; fileRef = B52471041B7DA23E00164A9B /* FoodTrackerTests.swift */; };
		B5541E171B81A0EC007A74FC /* RatingControl.swift in Sources */ = {isa = PBXBuildFile; fileRef = B5541E161B81A0EC007A74FC /* RatingControl.swift */; };
/* End PBXBuildFile section */

/* Begin PBXContainerItemProxy section */
		B52471011B7DA23E00164A9B /* PBXContainerItemProxy */ = {
			isa = PBXContainerItemProxy;
			containerPortal = B52470E41B7DA23E00164A9B /* Project object */;
			proxyType = 1;
			remoteGlobalIDString = B52470EB1B7DA23E00164A9B;
			remoteInfo = FoodTracker;
		};
/* End PBXContainerItemProxy section */

/* Begin PBXFileReference section */
		B52470EC1B7DA23E00164A9B /* FoodTracker.app */ = {isa = PBXFileReference; explicitFileType = wrapper.application; includeInIndex = 0; path = FoodTracker.app; sourceTree = BUILT_PRODUCTS_DIR; };
		B52470EF1B7DA23E00164A9B /* AppDelegate.swift */ = {isa = PBXFileReference; lastKnownFileType = sourcecode.swift; path = AppDelegate.swift; sourceTree = "<group>"; };
		B52470F11B7DA23E00164A9B /* ViewController.swift */ = {isa = PBXFileReference; lastKnownFileType = sourcecode.swift; path = ViewController.swift; sourceTree = "<group>"; };
		B52470F41B7DA23E00164A9B /* Base */ = {isa = PBXFileReference; lastKnownFileType = file.storyboard; name = Base; path = Base.lproj/Main.storyboard; sourceTree = "<group>"; };
		B52470F61B7DA23E00164A9B /* Assets.xcassets */ = {isa = PBXFileReference; lastKnownFileType = folder.assetcatalog; path = Assets.xcassets; sourceTree = "<group>"; };
		B52470F91B7DA23E00164A9B /* Base */ = {isa = PBXFileReference; lastKnownFileType = file.storyboard; name = Base; path = Base.lproj/LaunchScreen.storyboard; sourceTree = "<group>"; };
		B52470FB1B7DA23E00164A9B /* Info.plist */ = {isa = PBXFileReference; lastKnownFileType = text.plist.xml; path = Info.plist; sourceTree = "<group>"; };
		B52471001B7DA23E00164A9B /* FoodTrackerTests.xctest */ = {isa = PBXFileReference; explicitFileType = wrapper.cfbundle; includeInIndex = 0; path = FoodTrackerTests.xctest; sourceTree = BUILT_PRODUCTS_DIR; };
		B52471041B7DA23E00164A9B /* FoodTrackerTests.swift */ = {isa = PBXFileReference; lastKnownFileType = sourcecode.swift; path = FoodTrackerTests.swift; sourceTree = "<group>"; };
		B52471061B7DA23E00164A9B /* Info.plist */ = {isa = PBXFileReference; lastKnownFileType = text.plist.xml; path = Info.plist; sourceTree = "<group>"; };
		B5541E161B81A0EC007A74FC /* RatingControl.swift */ = {isa = PBXFileReference; fileEncoding = 4; lastKnownFileType = sourcecode.swift; path = RatingControl.swift; sourceTree = "<group>"; };
/* End PBXFileReference section */

/* Begin PBXFrameworksBuildPhase section */
		B52470E91B7DA23E00164A9B /* Frameworks */ = {
			isa = PBXFrameworksBuildPhase;
			buildActionMask = 2147483647;
			files = (
			);
			runOnlyForDeploymentPostprocessing = 0;
		};
		B52470FD1B7DA23E00164A9B /* Frameworks */ = {
			isa = PBXFrameworksBuildPhase;
			buildActionMask = 2147483647;
			files = (
			);
			runOnlyForDeploymentPostprocessing = 0;
		};
/* End PBXFrameworksBuildPhase section */

/* Begin PBXGroup section */
		B52470E31B7DA23E00164A9B = {
			isa = PBXGroup;
			children = (
				B52470EE1B7DA23E00164A9B /* FoodTracker */,
				B52471031B7DA23E00164A9B /* FoodTrackerTests */,
				B52470ED1B7DA23E00164A9B /* Products */,
			);
			sourceTree = "<group>";
		};
		B52470ED1B7DA23E00164A9B /* Products */ = {
			isa = PBXGroup;
			children = (
				B52470EC1B7DA23E00164A9B /* FoodTracker.app */,
				B52471001B7DA23E00164A9B /* FoodTrackerTests.xctest */,
			);
			name = Products;
			sourceTree = "<group>";
		};
		B52470EE1B7DA23E00164A9B /* FoodTracker */ = {
			isa = PBXGroup;
			children = (
				B52470EF1B7DA23E00164A9B /* AppDelegate.swift */,
				B52470F11B7DA23E00164A9B /* ViewController.swift */,
				B52470F31B7DA23E00164A9B /* Main.storyboard */,
				B5541E161B81A0EC007A74FC /* RatingControl.swift */,
				B52470F61B7DA23E00164A9B /* Assets.xcassets */,
				B52470F81B7DA23E00164A9B /* LaunchScreen.storyboard */,
				B52470FB1B7DA23E00164A9B /* Info.plist */,
			);
			path = FoodTracker;
			sourceTree = "<group>";
		};
		B52471031B7DA23E00164A9B /* FoodTrackerTests */ = {
			isa = PBXGroup;
			children = (
				B52471041B7DA23E00164A9B /* FoodTrackerTests.swift */,
				B52471061B7DA23E00164A9B /* Info.plist */,
			);
			path = FoodTrackerTests;
			sourceTree = "<group>";
		};
/* End PBXGroup section */

/* Begin PBXNativeTarget section */
		B52470EB1B7DA23E00164A9B /* FoodTracker */ = {
			isa = PBXNativeTarget;
			buildConfigurationList = B52471091B7DA23E00164A9B /* Build configuration list for PBXNativeTarget "FoodTracker" */;
			buildPhases = (
				B52470E81B7DA23E00164A9B /* Sources */,
				B52470E91B7DA23E00164A9B /* Frameworks */,
				B52470EA1B7DA23E00164A9B /* Resources */,
			);
			buildRules = (
			);
			dependencies = (
			);
			name = FoodTracker;
			productName = FoodTracker;
			productReference = B52470EC1B7DA23E00164A9B /* FoodTracker.app */;
			productType = "com.apple.product-type.application";
		};
		B52470FF1B7DA23E00164A9B /* FoodTrackerTests */ = {
			isa = PBXNativeTarget;
			buildConfigurationList = B524710C1B7DA23E00164A9B /* Build configuration list for PBXNativeTarget "FoodTrackerTests" */;
			buildPhases = (
				B52470FC1B7DA23E00164A9B /* Sources */,
				B52470FD1B7DA23E00164A9B /* Frameworks */,
				B52470FE1B7DA23E00164A9B /* Resources */,
			);
			buildRules = (
			);
			dependencies = (
				B52471021B7DA23E00164A9B /* PBXTargetDependency */,
			);
			name = FoodTrackerTests;
			productName = FoodTrackerTests;
			productReference = B52471001B7DA23E00164A9B /* FoodTrackerTests.xctest */;
			productType = "com.apple.product-type.bundle.unit-test";
		};
/* End PBXNativeTarget section */

/* Begin PBXProject section */
		B52470E41B7DA23E00164A9B /* Project object */ = {
			isa = PBXProject;
			attributes = {
				LastUpgradeCheck = 0700;
				ORGANIZATIONNAME = Daniel;
				TargetAttributes = {
					B52470EB1B7DA23E00164A9B = {
						CreatedOnToolsVersion = 7.0;
						DevelopmentTeam = D8ABDEP35L;
					};
					B52470FF1B7DA23E00164A9B = {
						CreatedOnToolsVersion = 7.0;
						TestTargetID = B52470EB1B7DA23E00164A9B;
					};
				};
			};
			buildConfigurationList = B52470E71B7DA23E00164A9B /* Build configuration list for PBXProject "FoodTracker" */;
			compatibilityVersion = "Xcode 3.2";
			developmentRegion = English;
			hasScannedForEncodings = 0;
			knownRegions = (
				en,
				Base,
			);
			mainGroup = B52470E31B7DA23E00164A9B;
			productRefGroup = B52470ED1B7DA23E00164A9B /* Products */;
			projectDirPath = "";
			projectRoot = "";
			targets = (
				B52470EB1B7DA23E00164A9B /* FoodTracker */,
				B52470FF1B7DA23E00164A9B /* FoodTrackerTests */,
			);
		};
/* End PBXProject section */

/* Begin PBXResourcesBuildPhase section */
		B52470EA1B7DA23E00164A9B /* Resources */ = {
			isa = PBXResourcesBuildPhase;
			buildActionMask = 2147483647;
			files = (
				B52470FA1B7DA23E00164A9B /* LaunchScreen.storyboard in Resources */,
				B52470F71B7DA23E00164A9B /* Assets.xcassets in Resources */,
				B52470F51B7DA23E00164A9B /* Main.storyboard in Resources */,
			);
			runOnlyForDeploymentPostprocessing = 0;
		};
		B52470FE1B7DA23E00164A9B /* Resources */ = {
			isa = PBXResourcesBuildPhase;
			buildActionMask = 2147483647;
			files = (
			);
			runOnlyForDeploymentPostprocessing = 0;
		};
/* End PBXResourcesBuildPhase section */

/* Begin PBXSourcesBuildPhase section */
		B52470E81B7DA23E00164A9B /* Sources */ = {
			isa = PBXSourcesBuildPhase;
			buildActionMask = 2147483647;
			files = (
				B52470F21B7DA23E00164A9B /* ViewController.swift in Sources */,
				B5541E171B81A0EC007A74FC /* RatingControl.swift in Sources */,
				B52470F01B7DA23E00164A9B /* AppDelegate.swift in Sources */,
			);
			runOnlyForDeploymentPostprocessing = 0;
		};
		B52470FC1B7DA23E00164A9B /* Sources */ = {
			isa = PBXSourcesBuildPhase;
			buildActionMask = 2147483647;
			files = (
				B52471051B7DA23E00164A9B /* FoodTrackerTests.swift in Sources */,
			);
			runOnlyForDeploymentPostprocessing = 0;
		};
/* End PBXSourcesBuildPhase section */

/* Begin PBXTargetDependency section */
		B52471021B7DA23E00164A9B /* PBXTargetDependency */ = {
			isa = PBXTargetDependency;
			target = B52470EB1B7DA23E00164A9B /* FoodTracker */;
			targetProxy = B52471011B7DA23E00164A9B /* PBXContainerItemProxy */;
		};
/* End PBXTargetDependency section */

/* Begin PBXVariantGroup section */
		B52470F31B7DA23E00164A9B /* Main.storyboard */ = {
			isa = PBXVariantGroup;
			children = (
				B52470F41B7DA23E00164A9B /* Base */,
			);
			name = Main.storyboard;
			sourceTree = "<group>";
		};
		B52470F81B7DA23E00164A9B /* LaunchScreen.storyboard */ = {
			isa = PBXVariantGroup;
			children = (
				B52470F91B7DA23E00164A9B /* Base */,
			);
			name = LaunchScreen.storyboard;
			sourceTree = "<group>";
		};
/* End PBXVariantGroup section */

/* Begin XCBuildConfiguration section */
		B52471071B7DA23E00164A9B /* Debug */ = {
			isa = XCBuildConfiguration;
			buildSettings = {
				ALWAYS_SEARCH_USER_PATHS = NO;
				CLANG_CXX_LANGUAGE_STANDARD = "gnu++0x";
				CLANG_CXX_LIBRARY = "libc++";
				CLANG_ENABLE_MODULES = YES;
				CLANG_ENABLE_OBJC_ARC = YES;
				CLANG_WARN_BOOL_CONVERSION = YES;
				CLANG_WARN_CONSTANT_CONVERSION = YES;
				CLANG_WARN_DIRECT_OBJC_ISA_USAGE = YES_ERROR;
				CLANG_WARN_EMPTY_BODY = YES;
				CLANG_WARN_ENUM_CONVERSION = YES;
				CLANG_WARN_INT_CONVERSION = YES;
				CLANG_WARN_OBJC_ROOT_CLASS = YES_ERROR;
				CLANG_WARN_UNREACHABLE_CODE = YES;
				CLANG_WARN__DUPLICATE_METHOD_MATCH = YES;
				"CODE_SIGN_IDENTITY[sdk=iphoneos*]" = "iPhone Developer";
				COPY_PHASE_STRIP = NO;
				DEBUG_INFORMATION_FORMAT = dwarf;
				ENABLE_STRICT_OBJC_MSGSEND = YES;
				ENABLE_TESTABILITY = YES;
				GCC_C_LANGUAGE_STANDARD = gnu99;
				GCC_DYNAMIC_NO_PIC = NO;
				GCC_NO_COMMON_BLOCKS = YES;
				GCC_OPTIMIZATION_LEVEL = 0;
				GCC_PREPROCESSOR_DEFINITIONS = (
					"DEBUG=1",
					"$(inherited)",
				);
				GCC_WARN_64_TO_32_BIT_CONVERSION = YES;
				GCC_WARN_ABOUT_RETURN_TYPE = YES_ERROR;
				GCC_WARN_UNDECLARED_SELECTOR = YES;
				GCC_WARN_UNINITIALIZED_AUTOS = YES_AGGRESSIVE;
				GCC_WARN_UNUSED_FUNCTION = YES;
				GCC_WARN_UNUSED_VARIABLE = YES;
				IPHONEOS_DEPLOYMENT_TARGET = 9.0;
				MTL_ENABLE_DEBUG_INFO = YES;
				ONLY_ACTIVE_ARCH = YES;
				SDKROOT = iphoneos;
				SWIFT_OPTIMIZATION_LEVEL = "-Onone";
				TARGETED_DEVICE_FAMILY = "1,2";
			};
			name = Debug;
		};
		B52471081B7DA23E00164A9B /* Release */ = {
			isa = XCBuildConfiguration;
			buildSettings = {
				ALWAYS_SEARCH_USER_PATHS = NO;
				CLANG_CXX_LANGUAGE_STANDARD = "gnu++0x";
				CLANG_CXX_LIBRARY = "libc++";
				CLANG_ENABLE_MODULES = YES;
				CLANG_ENABLE_OBJC_ARC = YES;
				CLANG_WARN_BOOL_CONVERSION = YES;
				CLANG_WARN_CONSTANT_CONVERSION = YES;
				CLANG_WARN_DIRECT_OBJC_ISA_USAGE = YES_ERROR;
				CLANG_WARN_EMPTY_BODY = YES;
				CLANG_WARN_ENUM_CONVERSION = YES;
				CLANG_WARN_INT_CONVERSION = YES;
				CLANG_WARN_OBJC_ROOT_CLASS = YES_ERROR;
				CLANG_WARN_UNREACHABLE_CODE = YES;
				CLANG_WARN__DUPLICATE_METHOD_MATCH = YES;
				"CODE_SIGN_IDENTITY[sdk=iphoneos*]" = "iPhone Developer";
				COPY_PHASE_STRIP = NO;
				DEBUG_INFORMATION_FORMAT = "dwarf-with-dsym";
				ENABLE_NS_ASSERTIONS = NO;
				ENABLE_STRICT_OBJC_MSGSEND = YES;
				GCC_C_LANGUAGE_STANDARD = gnu99;
				GCC_NO_COMMON_BLOCKS = YES;
				GCC_WARN_64_TO_32_BIT_CONVERSION = YES;
				GCC_WARN_ABOUT_RETURN_TYPE = YES_ERROR;
				GCC_WARN_UNDECLARED_SELECTOR = YES;
				GCC_WARN_UNINITIALIZED_AUTOS = YES_AGGRESSIVE;
				GCC_WARN_UNUSED_FUNCTION = YES;
				GCC_WARN_UNUSED_VARIABLE = YES;
				IPHONEOS_DEPLOYMENT_TARGET = 9.0;
				MTL_ENABLE_DEBUG_INFO = NO;
				SDKROOT = iphoneos;
				TARGETED_DEVICE_FAMILY = "1,2";
				VALIDATE_PRODUCT = YES;
			};
			name = Release;
		};
		B524710A1B7DA23E00164A9B /* Debug */ = {
			isa = XCBuildConfiguration;
			buildSettings = {
				ASSETCATALOG_COMPILER_APPICON_NAME = AppIcon;
				CODE_SIGN_IDENTITY = "iPhone Developer";
				"CODE_SIGN_IDENTITY[sdk=iphoneos*]" = "iPhone Developer";
				INFOPLIST_FILE = FoodTracker/Info.plist;
				LD_RUNPATH_SEARCH_PATHS = "$(inherited) @executable_path/Frameworks";
				PRODUCT_BUNDLE_IDENTIFIER = com.87labs.FoodTracker;
				PRODUCT_NAME = "$(TARGET_NAME)";
				PROVISIONING_PROFILE = "";
			};
			name = Debug;
		};
		B524710B1B7DA23E00164A9B /* Release */ = {
			isa = XCBuildConfiguration;
			buildSettings = {
				ASSETCATALOG_COMPILER_APPICON_NAME = AppIcon;
				CODE_SIGN_IDENTITY = "iPhone Developer";
				"CODE_SIGN_IDENTITY[sdk=iphoneos*]" = "iPhone Developer";
				INFOPLIST_FILE = FoodTracker/Info.plist;
				LD_RUNPATH_SEARCH_PATHS = "$(inherited) @executable_path/Frameworks";
				PRODUCT_BUNDLE_IDENTIFIER = com.87labs.FoodTracker;
				PRODUCT_NAME = "$(TARGET_NAME)";
				PROVISIONING_PROFILE = "";
			};
			name = Release;
		};
		B524710D1B7DA23E00164A9B /* Debug */ = {
			isa = XCBuildConfiguration;
			buildSettings = {
				BUNDLE_LOADER = "$(TEST_HOST)";
				INFOPLIST_FILE = FoodTrackerTests/Info.plist;
				LD_RUNPATH_SEARCH_PATHS = "$(inherited) @executable_path/Frameworks @loader_path/Frameworks";
				PRODUCT_BUNDLE_IDENTIFIER = com.87labs.FoodTrackerTests;
				PRODUCT_NAME = "$(TARGET_NAME)";
				TEST_HOST = "$(BUILT_PRODUCTS_DIR)/FoodTracker.app/FoodTracker";
			};
			name = Debug;
		};
		B524710E1B7DA23E00164A9B /* Release */ = {
			isa = XCBuildConfiguration;
			buildSettings = {
				BUNDLE_LOADER = "$(TEST_HOST)";
				INFOPLIST_FILE = FoodTrackerTests/Info.plist;
				LD_RUNPATH_SEARCH_PATHS = "$(inherited) @executable_path/Frameworks @loader_path/Frameworks";
				PRODUCT_BUNDLE_IDENTIFIER = com.87labs.FoodTrackerTests;
				PRODUCT_NAME = "$(TARGET_NAME)";
				TEST_HOST = "$(BUILT_PRODUCTS_DIR)/FoodTracker.app/FoodTracker";
			};
			name = Release;
		};
/* End XCBuildConfiguration section */

/* Begin XCConfigurationList section */
		B52470E71B7DA23E00164A9B /* Build configuration list for PBXProject "FoodTracker" */ = {
			isa = XCConfigurationList;
			buildConfigurations = (
				B52471071B7DA23E00164A9B /* Debug */,
				B52471081B7DA23E00164A9B /* Release */,
			);
			defaultConfigurationIsVisible = 0;
			defaultConfigurationName = Release;
		};
		B52471091B7DA23E00164A9B /* Build configuration list for PBXNativeTarget "FoodTracker" */ = {
			isa = XCConfigurationList;
			buildConfigurations = (
				B524710A1B7DA23E00164A9B /* Debug */,
				B524710B1B7DA23E00164A9B /* Release */,
			);
			defaultConfigurationIsVisible = 0;
			defaultConfigurationName = Release;
		};
		B524710C1B7DA23E00164A9B /* Build configuration list for PBXNativeTarget "FoodTrackerTests" */ = {
			isa = XCConfigurationList;
			buildConfigurations = (
				B524710D1B7DA23E00164A9B /* Debug */,
				B524710E1B7DA23E00164A9B /* Release */,
			);
			defaultConfigurationIsVisible = 0;
			defaultConfigurationName = Release;
		};
/* End XCConfigurationList section */
	};
	rootObject = B52470E41B7DA23E00164A9B /* Project object */;
}
